<Solution>
  <Folder Name="/Backend/">
    <Project Path="Backend/CSharp/SourceCraftRepoHealthChecker.Application/SourceCraftRepoHealthChecker.Application.csproj" />
    <Project Path="Backend/CSharp/SourceCraftRepoHealthChecker.Domain/SourceCraftRepoHealthChecker.Domain.csproj" />
    <Project Path="Backend/CSharp/SourceCraftRepoHealthChecker.Presenter/SourceCraftRepoHealthChecker.Presenter.csproj" />
    <Project Path="Backend/CSharp/SourceCraftRepoHealthChecker.infrastructure/SourceCraftRepoHealthChecker.infrastructure.csproj" />
  </Folder>
  <Folder Name="/Tests/">
    <Project Path="Tests/SourceCraftRepoHealthChecker.UnitTests/SourceCraftRepoHealthChecker.UnitTests.csproj" />
  </Folder>
</Solution>
